
Microsoft Visual Studio Solution File, Format Version 12.00
# Visual Studio Version 17
VisualStudioVersion = 17.1.32210.238
MinimumVisualStudioVersion = 10.0.40219.1
Project("{9A19103F-16F7-4668-BE54-9A1E7A4F7556}") = "tool", "tool.csproj", "{94C8EAB7-A71F-4861-845D-BCCAB559D668}"
EndProject
Project("{9A19103F-16F7-4668-BE54-9A1E7A4F7556}") = "Common", "..\Common\Common.csproj", "{C9B1471D-FD76-467B-8A79-788AE7A25CF0}"
EndProject
Global
	GlobalSection(SolutionConfigurationPlatforms) = preSolution
		Debug|Any CPU = Debug|Any CPU
		Release|Any CPU = Release|Any CPU
	EndGlobalSection
	GlobalSection(ProjectConfigurationPlatforms) = postSolution
		{94C8EAB7-A71F-4861-845D-BCCAB559D668}.Debug|Any CPU.ActiveCfg = Debug|Any CPU
		{94C8EAB7-A71F-4861-845D-BCCAB559D668}.Debug|Any CPU.Build.0 = Debug|Any CPU
		{94C8EAB7-A71F-4861-845D-BCCAB559D668}.Release|Any CPU.ActiveCfg = Release|Any CPU
		{94C8EAB7-A71F-4861-845D-BCCAB559D668}.Release|Any CPU.Build.0 = Release|Any CPU
		{C9B1471D-FD76-467B-8A79-788AE7A25CF0}.Debug|Any CPU.ActiveCfg = Debug|Any CPU
		{C9B1471D-FD76-467B-8A79-788AE7A25CF0}.Debug|Any CPU.Build.0 = Debug|Any CPU
		{C9B1471D-FD76-467B-8A79-788AE7A25CF0}.Release|Any CPU.ActiveCfg = Release|Any CPU
		{C9B1471D-FD76-467B-8A79-788AE7A25CF0}.Release|Any CPU.Build.0 = Release|Any CPU
	EndGlobalSection
	GlobalSection(SolutionProperties) = preSolution
		HideSolutionNode = FALSE
	EndGlobalSection
	GlobalSection(ExtensibilityGlobals) = postSolution
		SolutionGuid = {2E1B8A57-5239-4F09-9D66-181FE8AA50E5}
	EndGlobalSection
EndGlobal
